// !$*UTF8*$!
{
	archiveVersion = 1;
	classes = {
	};
	objectVersion = 46;
	objects = {

/* Begin PBXBuildFile section */
		39EE7FCF1D53F1F100645162 /* AppDelegate.swift in Sources */ = {isa = PBXBuildFile; fileRef = 39EE7FCE1D53F1F100645162 /* AppDelegate.swift */; };
		39EE7FD11D53F1F100645162 /* ViewController.swift in Sources */ = {isa = PBXBuildFile; fileRef = 39EE7FD01D53F1F100645162 /* ViewController.swift */; };
		39EE7FD41D53F1F100645162 /* Main.storyboard in Resources */ = {isa = PBXBuildFile; fileRef = 39EE7FD21D53F1F100645162 /* Main.storyboard */; };
		39EE7FD61D53F1F100645162 /* Assets.xcassets in Resources */ = {isa = PBXBuildFile; fileRef = 39EE7FD51D53F1F100645162 /* Assets.xcassets */; };
		39EE7FD91D53F1F100645162 /* LaunchScreen.storyboard in Resources */ = {isa = PBXBuildFile; fileRef = 39EE7FD71D53F1F100645162 /* LaunchScreen.storyboard */; };
		39EE7FE41D53F1F100645162 /* StarWarsTests.swift in Sources */ = {isa = PBXBuildFile; fileRef = 39EE7FE31D53F1F100645162 /* StarWarsTests.swift */; };
		39EE7FEF1D53F1F100645162 /* StarWarsUITests.swift in Sources */ = {isa = PBXBuildFile; fileRef = 39EE7FEE1D53F1F100645162 /* StarWarsUITests.swift */; };
/* End PBXBuildFile section */

/* Begin PBXContainerItemProxy section */
		39EE7FE01D53F1F100645162 /* PBXContainerItemProxy */ = {
			isa = PBXContainerItemProxy;
			containerPortal = 39EE7FC31D53F1F100645162 /* Project object */;
			proxyType = 1;
			remoteGlobalIDString = 39EE7FCA1D53F1F100645162;
			remoteInfo = StarWars;
		};
		39EE7FEB1D53F1F100645162 /* PBXContainerItemProxy */ = {
			isa = PBXContainerItemProxy;
			containerPortal = 39EE7FC31D53F1F100645162 /* Project object */;
			proxyType = 1;
			remoteGlobalIDString = 39EE7FCA1D53F1F100645162;
			remoteInfo = StarWars;
		};
/* End PBXContainerItemProxy section */

/* Begin PBXFileReference section */
		39EE7FCB1D53F1F100645162 /* StarWars.app */ = {isa = PBXFileReference; explicitFileType = wrapper.application; includeInIndex = 0; path = StarWars.app; sourceTree = BUILT_PRODUCTS_DIR; };
		39EE7FCE1D53F1F100645162 /* AppDelegate.swift */ = {isa = PBXFileReference; lastKnownFileType = sourcecode.swift; path = AppDelegate.swift; sourceTree = "<group>"; };
		39EE7FD01D53F1F100645162 /* ViewController.swift */ = {isa = PBXFileReference; lastKnownFileType = sourcecode.swift; path = ViewController.swift; sourceTree = "<group>"; };
		39EE7FD31D53F1F100645162 /* Base */ = {isa = PBXFileReference; lastKnownFileType = file.storyboard; name = Base; path = Base.lproj/Main.storyboard; sourceTree = "<group>"; };
		39EE7FD51D53F1F100645162 /* Assets.xcassets */ = {isa = PBXFileReference; lastKnownFileType = folder.assetcatalog; path = Assets.xcassets; sourceTree = "<group>"; };
		39EE7FD81D53F1F100645162 /* Base */ = {isa = PBXFileReference; lastKnownFileType = file.storyboard; name = Base; path = Base.lproj/LaunchScreen.storyboard; sourceTree = "<group>"; };
		39EE7FDA1D53F1F100645162 /* Info.plist */ = {isa = PBXFileReference; lastKnownFileType = text.plist.xml; path = Info.plist; sourceTree = "<group>"; };
		39EE7FDF1D53F1F100645162 /* StarWarsTests.xctest */ = {isa = PBXFileReference; explicitFileType = wrapper.cfbundle; includeInIndex = 0; path = StarWarsTests.xctest; sourceTree = BUILT_PRODUCTS_DIR; };
		39EE7FE31D53F1F100645162 /* StarWarsTests.swift */ = {isa = PBXFileReference; lastKnownFileType = sourcecode.swift; path = StarWarsTests.swift; sourceTree = "<group>"; };
		39EE7FE51D53F1F100645162 /* Info.plist */ = {isa = PBXFileReference; lastKnownFileType = text.plist.xml; path = Info.plist; sourceTree = "<group>"; };
		39EE7FEA1D53F1F100645162 /* StarWarsUITests.xctest */ = {isa = PBXFileReference; explicitFileType = wrapper.cfbundle; includeInIndex = 0; path = StarWarsUITests.xctest; sourceTree = BUILT_PRODUCTS_DIR; };
		39EE7FEE1D53F1F100645162 /* StarWarsUITests.swift */ = {isa = PBXFileReference; lastKnownFileType = sourcecode.swift; path = StarWarsUITests.swift; sourceTree = "<group>"; };
		39EE7FF01D53F1F100645162 /* Info.plist */ = {isa = PBXFileReference; lastKnownFileType = text.plist.xml; path = Info.plist; sourceTree = "<group>"; };
/* End PBXFileReference section */

/* Begin PBXFrameworksBuildPhase section */
		39EE7FC81D53F1F100645162 /* Frameworks */ = {
			isa = PBXFrameworksBuildPhase;
			buildActionMask = 2147483647;
			files = (
			);
			runOnlyForDeploymentPostprocessing = 0;
		};
		39EE7FDC1D53F1F100645162 /* Frameworks */ = {
			isa = PBXFrameworksBuildPhase;
			buildActionMask = 2147483647;
			files = (
			);
			runOnlyForDeploymentPostprocessing = 0;
		};
		39EE7FE71D53F1F100645162 /* Frameworks */ = {
			isa = PBXFrameworksBuildPhase;
			buildActionMask = 2147483647;
			files = (
			);
			runOnlyForDeploymentPostprocessing = 0;
		};
/* End PBXFrameworksBuildPhase section */

/* Begin PBXGroup section */
		39EE7FC21D53F1F100645162 = {
			isa = PBXGroup;
			children = (
				39EE7FCD1D53F1F100645162 /* StarWars */,
				39EE7FE21D53F1F100645162 /* StarWarsTests */,
				39EE7FED1D53F1F100645162 /* StarWarsUITests */,
				39EE7FCC1D53F1F100645162 /* Products */,
			);
			sourceTree = "<group>";
		};
		39EE7FCC1D53F1F100645162 /* Products */ = {
			isa = PBXGroup;
			children = (
				39EE7FCB1D53F1F100645162 /* StarWars.app */,
				39EE7FDF1D53F1F100645162 /* StarWarsTests.xctest */,
				39EE7FEA1D53F1F100645162 /* StarWarsUITests.xctest */,
			);
			name = Products;
			sourceTree = "<group>";
		};
		39EE7FCD1D53F1F100645162 /* StarWars */ = {
			isa = PBXGroup;
			children = (
				39EE7FCE1D53F1F100645162 /* AppDelegate.swift */,
				39EE7FD01D53F1F100645162 /* ViewController.swift */,
				39EE7FD21D53F1F100645162 /* Main.storyboard */,
				39EE7FD51D53F1F100645162 /* Assets.xcassets */,
				39EE7FD71D53F1F100645162 /* LaunchScreen.storyboard */,
				39EE7FDA1D53F1F100645162 /* Info.plist */,
			);
			path = StarWars;
			sourceTree = "<group>";
		};
		39EE7FE21D53F1F100645162 /* StarWarsTests */ = {
			isa = PBXGroup;
			children = (
				39EE7FE31D53F1F100645162 /* StarWarsTests.swift */,
				39EE7FE51D53F1F100645162 /* Info.plist */,
			);
			path = StarWarsTests;
			sourceTree = "<group>";
		};
		39EE7FED1D53F1F100645162 /* StarWarsUITests */ = {
			isa = PBXGroup;
			children = (
				39EE7FEE1D53F1F100645162 /* StarWarsUITests.swift */,
				39EE7FF01D53F1F100645162 /* Info.plist */,
			);
			path = StarWarsUITests;
			sourceTree = "<group>";
		};
/* End PBXGroup section */

/* Begin PBXNativeTarget section */
		39EE7FCA1D53F1F100645162 /* StarWars */ = {
			isa = PBXNativeTarget;
			buildConfigurationList = 39EE7FF31D53F1F100645162 /* Build configuration list for PBXNativeTarget "StarWars" */;
			buildPhases = (
				39EE7FC71D53F1F100645162 /* Sources */,
				39EE7FC81D53F1F100645162 /* Frameworks */,
				39EE7FC91D53F1F100645162 /* Resources */,
			);
			buildRules = (
			);
			dependencies = (
			);
			name = StarWars;
			productName = StarWars;
			productReference = 39EE7FCB1D53F1F100645162 /* StarWars.app */;
			productType = "com.apple.product-type.application";
		};
		39EE7FDE1D53F1F100645162 /* StarWarsTests */ = {
			isa = PBXNativeTarget;
			buildConfigurationList = 39EE7FF61D53F1F100645162 /* Build configuration list for PBXNativeTarget "StarWarsTests" */;
			buildPhases = (
				39EE7FDB1D53F1F100645162 /* Sources */,
				39EE7FDC1D53F1F100645162 /* Frameworks */,
				39EE7FDD1D53F1F100645162 /* Resources */,
			);
			buildRules = (
			);
			dependencies = (
				39EE7FE11D53F1F100645162 /* PBXTargetDependency */,
			);
			name = StarWarsTests;
			productName = StarWarsTests;
			productReference = 39EE7FDF1D53F1F100645162 /* StarWarsTests.xctest */;
			productType = "com.apple.product-type.bundle.unit-test";
		};
		39EE7FE91D53F1F100645162 /* StarWarsUITests */ = {
			isa = PBXNativeTarget;
			buildConfigurationList = 39EE7FF91D53F1F100645162 /* Build configuration list for PBXNativeTarget "StarWarsUITests" */;
			buildPhases = (
				39EE7FE61D53F1F100645162 /* Sources */,
				39EE7FE71D53F1F100645162 /* Frameworks */,
				39EE7FE81D53F1F100645162 /* Resources */,
			);
			buildRules = (
			);
			dependencies = (
				39EE7FEC1D53F1F100645162 /* PBXTargetDependency */,
			);
			name = StarWarsUITests;
			productName = StarWarsUITests;
			productReference = 39EE7FEA1D53F1F100645162 /* StarWarsUITests.xctest */;
			productType = "com.apple.product-type.bundle.ui-testing";
		};
/* End PBXNativeTarget section */

/* Begin PBXProject section */
		39EE7FC31D53F1F100645162 /* Project object */ = {
			isa = PBXProject;
			attributes = {
				LastSwiftUpdateCheck = 0730;
				LastUpgradeCheck = 0730;
				ORGANIZATIONNAME = "Lino Lohidakshan";
				TargetAttributes = {
					39EE7FCA1D53F1F100645162 = {
						CreatedOnToolsVersion = 7.3.1;
					};
					39EE7FDE1D53F1F100645162 = {
						CreatedOnToolsVersion = 7.3.1;
						TestTargetID = 39EE7FCA1D53F1F100645162;
					};
					39EE7FE91D53F1F100645162 = {
						CreatedOnToolsVersion = 7.3.1;
						TestTargetID = 39EE7FCA1D53F1F100645162;
					};
				};
			};
			buildConfigurationList = 39EE7FC61D53F1F100645162 /* Build configuration list for PBXProject "StarWars" */;
			compatibilityVersion = "Xcode 3.2";
			developmentRegion = English;
			hasScannedForEncodings = 0;
			knownRegions = (
				en,
				Base,
			);
			mainGroup = 39EE7FC21D53F1F100645162;
			productRefGroup = 39EE7FCC1D53F1F100645162 /* Products */;
			projectDirPath = "";
			projectRoot = "";
			targets = (
				39EE7FCA1D53F1F100645162 /* StarWars */,
				39EE7FDE1D53F1F100645162 /* StarWarsTests */,
				39EE7FE91D53F1F100645162 /* StarWarsUITests */,
			);
		};
/* End PBXProject section */

/* Begin PBXResourcesBuildPhase section */
		39EE7FC91D53F1F100645162 /* Resources */ = {
			isa = PBXResourcesBuildPhase;
			buildActionMask = 2147483647;
			files = (
				39EE7FD91D53F1F100645162 /* LaunchScreen.storyboard in Resources */,
				39EE7FD61D53F1F100645162 /* Assets.xcassets in Resources */,
				39EE7FD41D53F1F100645162 /* Main.storyboard in Resources */,
			);
			runOnlyForDeploymentPostprocessing = 0;
		};
		39EE7FDD1D53F1F100645162 /* Resources */ = {
			isa = PBXResourcesBuildPhase;
			buildActionMask = 2147483647;
			files = (
			);
			runOnlyForDeploymentPostprocessing = 0;
		};
		39EE7FE81D53F1F100645162 /* Resources */ = {
			isa = PBXResourcesBuildPhase;
			buildActionMask = 2147483647;
			files = (
			);
			runOnlyForDeploymentPostprocessing = 0;
		};
/* End PBXResourcesBuildPhase section */

/* Begin PBXSourcesBuildPhase section */
		39EE7FC71D53F1F100645162 /* Sources */ = {
			isa = PBXSourcesBuildPhase;
			buildActionMask = 2147483647;
			files = (
				39EE7FD11D53F1F100645162 /* ViewController.swift in Sources */,
				39EE7FCF1D53F1F100645162 /* AppDelegate.swift in Sources */,
			);
			runOnlyForDeploymentPostprocessing = 0;
		};
		39EE7FDB1D53F1F100645162 /* Sources */ = {
			isa = PBXSourcesBuildPhase;
			buildActionMask = 2147483647;
			files = (
				39EE7FE41D53F1F100645162 /* StarWarsTests.swift in Sources */,
			);
			runOnlyForDeploymentPostprocessing = 0;
		};
		39EE7FE61D53F1F100645162 /* Sources */ = {
			isa = PBXSourcesBuildPhase;
			buildActionMask = 2147483647;
			files = (
				39EE7FEF1D53F1F100645162 /* StarWarsUITests.swift in Sources */,
			);
			runOnlyForDeploymentPostprocessing = 0;
		};
/* End PBXSourcesBuildPhase section */

/* Begin PBXTargetDependency section */
		39EE7FE11D53F1F100645162 /* PBXTargetDependency */ = {
			isa = PBXTargetDependency;
			target = 39EE7FCA1D53F1F100645162 /* StarWars */;
			targetProxy = 39EE7FE01D53F1F100645162 /* PBXContainerItemProxy */;
		};
		39EE7FEC1D53F1F100645162 /* PBXTargetDependency */ = {
			isa = PBXTargetDependency;
			target = 39EE7FCA1D53F1F100645162 /* StarWars */;
			targetProxy = 39EE7FEB1D53F1F100645162 /* PBXContainerItemProxy */;
		};
/* End PBXTargetDependency section */

/* Begin PBXVariantGroup section */
		39EE7FD21D53F1F100645162 /* Main.storyboard */ = {
			isa = PBXVariantGroup;
			children = (
				39EE7FD31D53F1F100645162 /* Base */,
			);
			name = Main.storyboard;
			sourceTree = "<group>";
		};
		39EE7FD71D53F1F100645162 /* LaunchScreen.storyboard */ = {
			isa = PBXVariantGroup;
			children = (
				39EE7FD81D53F1F100645162 /* Base */,
			);
			name = LaunchScreen.storyboard;
			sourceTree = "<group>";
		};
/* End PBXVariantGroup section */

/* Begin XCBuildConfiguration section */
		39EE7FF11D53F1F100645162 /* Debug */ = {
			isa = XCBuildConfiguration;
			buildSettings = {
				ALWAYS_SEARCH_USER_PATHS = NO;
				CLANG_ANALYZER_NONNULL = YES;
				CLANG_CXX_LANGUAGE_STANDARD = "gnu++0x";
				CLANG_CXX_LIBRARY = "libc++";
				CLANG_ENABLE_MODULES = YES;
				CLANG_ENABLE_OBJC_ARC = YES;
				CLANG_WARN_BOOL_CONVERSION = YES;
				CLANG_WARN_CONSTANT_CONVERSION = YES;
				CLANG_WARN_DIRECT_OBJC_ISA_USAGE = YES_ERROR;
				CLANG_WARN_EMPTY_BODY = YES;
				CLANG_WARN_ENUM_CONVERSION = YES;
				CLANG_WARN_INT_CONVERSION = YES;
				CLANG_WARN_OBJC_ROOT_CLASS = YES_ERROR;
				CLANG_WARN_UNREACHABLE_CODE = YES;
				CLANG_WARN__DUPLICATE_METHOD_MATCH = YES;
				"CODE_SIGN_IDENTITY[sdk=iphoneos*]" = "iPhone Developer";
				COPY_PHASE_STRIP = NO;
				DEBUG_INFORMATION_FORMAT = dwarf;
				ENABLE_STRICT_OBJC_MSGSEND = YES;
				ENABLE_TESTABILITY = YES;
				GCC_C_LANGUAGE_STANDARD = gnu99;
				GCC_DYNAMIC_NO_PIC = NO;
				GCC_NO_COMMON_BLOCKS = YES;
				GCC_OPTIMIZATION_LEVEL = 0;
				GCC_PREPROCESSOR_DEFINITIONS = (
					"DEBUG=1",
					"$(inherited)",
				);
				GCC_WARN_64_TO_32_BIT_CONVERSION = YES;
				GCC_WARN_ABOUT_RETURN_TYPE = YES_ERROR;
				GCC_WARN_UNDECLARED_SELECTOR = YES;
				GCC_WARN_UNINITIALIZED_AUTOS = YES_AGGRESSIVE;
				GCC_WARN_UNUSED_FUNCTION = YES;
				GCC_WARN_UNUSED_VARIABLE = YES;
				IPHONEOS_DEPLOYMENT_TARGET = 9.3;
				MTL_ENABLE_DEBUG_INFO = YES;
				ONLY_ACTIVE_ARCH = YES;
				SDKROOT = iphoneos;
				SWIFT_OPTIMIZATION_LEVEL = "-Onone";
			};
			name = Debug;
		};
		39EE7FF21D53F1F100645162 /* Release */ = {
			isa = XCBuildConfiguration;
			buildSettings = {
				ALWAYS_SEARCH_USER_PATHS = NO;
				CLANG_ANALYZER_NONNULL = YES;
				CLANG_CXX_LANGUAGE_STANDARD = "gnu++0x";
				CLANG_CXX_LIBRARY = "libc++";
				CLANG_ENABLE_MODULES = YES;
				CLANG_ENABLE_OBJC_ARC = YES;
				CLANG_WARN_BOOL_CONVERSION = YES;
				CLANG_WARN_CONSTANT_CONVERSION = YES;
				CLANG_WARN_DIRECT_OBJC_ISA_USAGE = YES_ERROR;
				CLANG_WARN_EMPTY_BODY = YES;
				CLANG_WARN_ENUM_CONVERSION = YES;
				CLANG_WARN_INT_CONVERSION = YES;
				CLANG_WARN_OBJC_ROOT_CLASS = YES_ERROR;
				CLANG_WARN_UNREACHABLE_CODE = YES;
				CLANG_WARN__DUPLICATE_METHOD_MATCH = YES;
				"CODE_SIGN_IDENTITY[sdk=iphoneos*]" = "iPhone Developer";
				COPY_PHASE_STRIP = NO;
				DEBUG_INFORMATION_FORMAT = "dwarf-with-dsym";
				ENABLE_NS_ASSERTIONS = NO;
				ENABLE_STRICT_OBJC_MSGSEND = YES;
				GCC_C_LANGUAGE_STANDARD = gnu99;
				GCC_NO_COMMON_BLOCKS = YES;
				GCC_WARN_64_TO_32_BIT_CONVERSION = YES;
				GCC_WARN_ABOUT_RETURN_TYPE = YES_ERROR;
				GCC_WARN_UNDECLARED_SELECTOR = YES;
				GCC_WARN_UNINITIALIZED_AUTOS = YES_AGGRESSIVE;
				GCC_WARN_UNUSED_FUNCTION = YES;
				GCC_WARN_UNUSED_VARIABLE = YES;
				IPHONEOS_DEPLOYMENT_TARGET = 9.3;
				MTL_ENABLE_DEBUG_INFO = NO;
				SDKROOT = iphoneos;
				VALIDATE_PRODUCT = YES;
			};
			name = Release;
		};
		39EE7FF41D53F1F100645162 /* Debug */ = {
			isa = XCBuildConfiguration;
			buildSettings = {
				ASSETCATALOG_COMPILER_APPICON_NAME = AppIcon;
				INFOPLIST_FILE = StarWars/Info.plist;
				LD_RUNPATH_SEARCH_PATHS = "$(inherited) @executable_path/Frameworks";
				PRODUCT_BUNDLE_IDENTIFIER = LIKOL.StarWars;
				PRODUCT_NAME = "$(TARGET_NAME)";
			};
			name = Debug;
		};
		39EE7FF51D53F1F100645162 /* Release */ = {
			isa = XCBuildConfiguration;
			buildSettings = {
				ASSETCATALOG_COMPILER_APPICON_NAME = AppIcon;
				INFOPLIST_FILE = StarWars/Info.plist;
				LD_RUNPATH_SEARCH_PATHS = "$(inherited) @executable_path/Frameworks";
				PRODUCT_BUNDLE_IDENTIFIER = LIKOL.StarWars;
				PRODUCT_NAME = "$(TARGET_NAME)";
			};
			name = Release;
		};
		39EE7FF71D53F1F100645162 /* Debug */ = {
			isa = XCBuildConfiguration;
			buildSettings = {
				BUNDLE_LOADER = "$(TEST_HOST)";
				INFOPLIST_FILE = StarWarsTests/Info.plist;
				LD_RUNPATH_SEARCH_PATHS = "$(inherited) @executable_path/Frameworks @loader_path/Frameworks";
				PRODUCT_BUNDLE_IDENTIFIER = LIKOL.StarWarsTests;
				PRODUCT_NAME = "$(TARGET_NAME)";
				TEST_HOST = "$(BUILT_PRODUCTS_DIR)/StarWars.app/StarWars";
			};
			name = Debug;
		};
		39EE7FF81D53F1F100645162 /* Release */ = {
			isa = XCBuildConfiguration;
			buildSettings = {
				BUNDLE_LOADER = "$(TEST_HOST)";
				INFOPLIST_FILE = StarWarsTests/Info.plist;
				LD_RUNPATH_SEARCH_PATHS = "$(inherited) @executable_path/Frameworks @loader_path/Frameworks";
				PRODUCT_BUNDLE_IDENTIFIER = LIKOL.StarWarsTests;
				PRODUCT_NAME = "$(TARGET_NAME)";
				TEST_HOST = "$(BUILT_PRODUCTS_DIR)/StarWars.app/StarWars";
			};
			name = Release;
		};
		39EE7FFA1D53F1F100645162 /* Debug */ = {
			isa = XCBuildConfiguration;
			buildSettings = {
				INFOPLIST_FILE = StarWarsUITests/Info.plist;
				LD_RUNPATH_SEARCH_PATHS = "$(inherited) @executable_path/Frameworks @loader_path/Frameworks";
				PRODUCT_BUNDLE_IDENTIFIER = LIKOL.StarWarsUITests;
				PRODUCT_NAME = "$(TARGET_NAME)";
				TEST_TARGET_NAME = StarWars;
			};
			name = Debug;
		};
		39EE7FFB1D53F1F100645162 /* Release */ = {
			isa = XCBuildConfiguration;
			buildSettings = {
				INFOPLIST_FILE = StarWarsUITests/Info.plist;
				LD_RUNPATH_SEARCH_PATHS = "$(inherited) @executable_path/Frameworks @loader_path/Frameworks";
				PRODUCT_BUNDLE_IDENTIFIER = LIKOL.StarWarsUITests;
				PRODUCT_NAME = "$(TARGET_NAME)";
				TEST_TARGET_NAME = StarWars;
			};
			name = Release;
		};
/* End XCBuildConfiguration section */

/* Begin XCConfigurationList section */
		39EE7FC61D53F1F100645162 /* Build configuration list for PBXProject "StarWars" */ = {
			isa = XCConfigurationList;
			buildConfigurations = (
				39EE7FF11D53F1F100645162 /* Debug */,
				39EE7FF21D53F1F100645162 /* Release */,
			);
			defaultConfigurationIsVisible = 0;
			defaultConfigurationName = Release;
		};
		39EE7FF31D53F1F100645162 /* Build configuration list for PBXNativeTarget "StarWars" */ = {
			isa = XCConfigurationList;
			buildConfigurations = (
				39EE7FF41D53F1F100645162 /* Debug */,
				39EE7FF51D53F1F100645162 /* Release */,
			);
			defaultConfigurationIsVisible = 0;
		};
		39EE7FF61D53F1F100645162 /* Build configuration list for PBXNativeTarget "StarWarsTests" */ = {
			isa = XCConfigurationList;
			buildConfigurations = (
				39EE7FF71D53F1F100645162 /* Debug */,
				39EE7FF81D53F1F100645162 /* Release */,
			);
			defaultConfigurationIsVisible = 0;
		};
		39EE7FF91D53F1F100645162 /* Build configuration list for PBXNativeTarget "StarWarsUITests" */ = {
			isa = XCConfigurationList;
			buildConfigurations = (
				39EE7FFA1D53F1F100645162 /* Debug */,
				39EE7FFB1D53F1F100645162 /* Release */,
			);
			defaultConfigurationIsVisible = 0;
		};
/* End XCConfigurationList section */
	};
	rootObject = 39EE7FC31D53F1F100645162 /* Project object */;
}
